
Microsoft Visual Studio Solution File, Format Version 12.00
# Visual Studio Version 16
VisualStudioVersion = 16.0.30804.86
MinimumVisualStudioVersion = 10.0.40219.1
Project("{FAE04EC0-301F-11D3-BF4B-00C04F79EFBC}") = "LINQtoObject", "LINQtoObject\LINQtoObject.csproj", "{15EA56AA-27B3-4E8D-AACA-FF2551599476}"
EndProject
Global
	GlobalSection(SolutionConfigurationPlatforms) = preSolution
		Debug|Any CPU = Debug|Any CPU
		Release|Any CPU = Release|Any CPU
	EndGlobalSection
	GlobalSection(ProjectConfigurationPlatforms) = postSolution
		{15EA56AA-27B3-4E8D-AACA-FF2551599476}.Debug|Any CPU.ActiveCfg = Debug|Any CPU
		{15EA56AA-27B3-4E8D-AACA-FF2551599476}.Debug|Any CPU.Build.0 = Debug|Any CPU
		{15EA56AA-27B3-4E8D-AACA-FF2551599476}.Release|Any CPU.ActiveCfg = Release|Any CPU
		{15EA56AA-27B3-4E8D-AACA-FF2551599476}.Release|Any CPU.Build.0 = Release|Any CPU
	EndGlobalSection
	GlobalSection(SolutionProperties) = preSolution
		HideSolutionNode = FALSE
	EndGlobalSection
	GlobalSection(ExtensibilityGlobals) = postSolution
		SolutionGuid = {BFD225FB-058B-4022-90A0-8F0388947583}
	EndGlobalSection
EndGlobal
