
Microsoft Visual Studio Solution File, Format Version 12.00
# Visual Studio Version 16
VisualStudioVersion = 16.0.31729.503
MinimumVisualStudioVersion = 10.0.40219.1
Project("{FAE04EC0-301F-11D3-BF4B-00C04F79EFBC}") = "EmpPayrollApp", "EmpPayrollApp\EmpPayrollApp.csproj", "{9661503F-CAA6-457D-AC49-3D8791FB8AE7}"
EndProject
Global
	GlobalSection(SolutionConfigurationPlatforms) = preSolution
		Debug|Any CPU = Debug|Any CPU
		Release|Any CPU = Release|Any CPU
	EndGlobalSection
	GlobalSection(ProjectConfigurationPlatforms) = postSolution
		{9661503F-CAA6-457D-AC49-3D8791FB8AE7}.Debug|Any CPU.ActiveCfg = Debug|Any CPU
		{9661503F-CAA6-457D-AC49-3D8791FB8AE7}.Debug|Any CPU.Build.0 = Debug|Any CPU
		{9661503F-CAA6-457D-AC49-3D8791FB8AE7}.Release|Any CPU.ActiveCfg = Release|Any CPU
		{9661503F-CAA6-457D-AC49-3D8791FB8AE7}.Release|Any CPU.Build.0 = Release|Any CPU
	EndGlobalSection
	GlobalSection(SolutionProperties) = preSolution
		HideSolutionNode = FALSE
	EndGlobalSection
	GlobalSection(ExtensibilityGlobals) = postSolution
		SolutionGuid = {A104DB70-22AA-4E5C-8C4B-3698A7E3D82E}
	EndGlobalSection
EndGlobal
